// !$*UTF8*$!
{
	archiveVersion = 1;
	classes = {
	};
	objectVersion = 50;
	objects = {

/* Begin PBXBuildFile section */
		04E9BCFCB648AE8F8C503B28 /* Pods_PNHuaIM.framework in Frameworks */ = {isa = PBXBuildFile; fileRef = DAD6D9E143EF2F1DF9B02BDA /* Pods_PNHuaIM.framework */; };
		D00D2CA9225C77AB00069737 /* AppDelegate.swift in Sources */ = {isa = PBXBuildFile; fileRef = D00D2CA8225C77AB00069737 /* AppDelegate.swift */; };
		D00D2CAE225C77AB00069737 /* Main.storyboard in Resources */ = {isa = PBXBuildFile; fileRef = D00D2CAC225C77AB00069737 /* Main.storyboard */; };
		D00D2CB0225C77AD00069737 /* Assets.xcassets in Resources */ = {isa = PBXBuildFile; fileRef = D00D2CAF225C77AD00069737 /* Assets.xcassets */; };
		D00D2CB3225C77AD00069737 /* LaunchScreen.storyboard in Resources */ = {isa = PBXBuildFile; fileRef = D00D2CB1225C77AD00069737 /* LaunchScreen.storyboard */; };
		D00D2CBE225C77AD00069737 /* PNHuaIMTests.swift in Sources */ = {isa = PBXBuildFile; fileRef = D00D2CBD225C77AD00069737 /* PNHuaIMTests.swift */; };
		D00D2CC9225C77AD00069737 /* PNHuaIMUITests.swift in Sources */ = {isa = PBXBuildFile; fileRef = D00D2CC8225C77AD00069737 /* PNHuaIMUITests.swift */; };
		D00D2CDB225C8CDC00069737 /* PNMainViewController.swift in Sources */ = {isa = PBXBuildFile; fileRef = D00D2CDA225C8CDC00069737 /* PNMainViewController.swift */; };
		D00D2CE3225C90C400069737 /* PNHomeViewController.swift in Sources */ = {isa = PBXBuildFile; fileRef = D00D2CE2225C90C400069737 /* PNHomeViewController.swift */; };
		D00D2CE5225C912D00069737 /* PNProfileViewController.swift in Sources */ = {isa = PBXBuildFile; fileRef = D00D2CE4225C912D00069737 /* PNProfileViewController.swift */; };
		D02B294222603FCE0071985E /* UIButton_Category.swift in Sources */ = {isa = PBXBuildFile; fileRef = D02B294122603FCE0071985E /* UIButton_Category.swift */; };
		D0348ED0225DD0F30083402D /* MainVCSettings.json in Resources */ = {isa = PBXBuildFile; fileRef = D0348ECF225DD0F30083402D /* MainVCSettings.json */; };
		D0B28466225F356E00AEC321 /* PNNullViewController.swift in Sources */ = {isa = PBXBuildFile; fileRef = D0B28465225F356E00AEC321 /* PNNullViewController.swift */; };
/* End PBXBuildFile section */

/* Begin PBXContainerItemProxy section */
		D00D2CBA225C77AD00069737 /* PBXContainerItemProxy */ = {
			isa = PBXContainerItemProxy;
			containerPortal = D00D2C9D225C77AB00069737 /* Project object */;
			proxyType = 1;
			remoteGlobalIDString = D00D2CA4225C77AB00069737;
			remoteInfo = PNHuaIM;
		};
		D00D2CC5225C77AD00069737 /* PBXContainerItemProxy */ = {
			isa = PBXContainerItemProxy;
			containerPortal = D00D2C9D225C77AB00069737 /* Project object */;
			proxyType = 1;
			remoteGlobalIDString = D00D2CA4225C77AB00069737;
			remoteInfo = PNHuaIM;
		};
/* End PBXContainerItemProxy section */

/* Begin PBXFileReference section */
		2F233C130EC6B69FBB18903B /* Pods-PNHuaIM.release.xcconfig */ = {isa = PBXFileReference; includeInIndex = 1; lastKnownFileType = text.xcconfig; name = "Pods-PNHuaIM.release.xcconfig"; path = "Pods/Target Support Files/Pods-PNHuaIM/Pods-PNHuaIM.release.xcconfig"; sourceTree = "<group>"; };
		D00D2CA5225C77AB00069737 /* PNHuaIM.app */ = {isa = PBXFileReference; explicitFileType = wrapper.application; includeInIndex = 0; path = PNHuaIM.app; sourceTree = BUILT_PRODUCTS_DIR; };
		D00D2CA8225C77AB00069737 /* AppDelegate.swift */ = {isa = PBXFileReference; lastKnownFileType = sourcecode.swift; path = AppDelegate.swift; sourceTree = "<group>"; };
		D00D2CAD225C77AB00069737 /* Base */ = {isa = PBXFileReference; lastKnownFileType = file.storyboard; name = Base; path = Base.lproj/Main.storyboard; sourceTree = "<group>"; };
		D00D2CAF225C77AD00069737 /* Assets.xcassets */ = {isa = PBXFileReference; lastKnownFileType = folder.assetcatalog; path = Assets.xcassets; sourceTree = "<group>"; };
		D00D2CB2225C77AD00069737 /* Base */ = {isa = PBXFileReference; lastKnownFileType = file.storyboard; name = Base; path = Base.lproj/LaunchScreen.storyboard; sourceTree = "<group>"; };
		D00D2CB4225C77AD00069737 /* Info.plist */ = {isa = PBXFileReference; lastKnownFileType = text.plist.xml; path = Info.plist; sourceTree = "<group>"; };
		D00D2CB9225C77AD00069737 /* PNHuaIMTests.xctest */ = {isa = PBXFileReference; explicitFileType = wrapper.cfbundle; includeInIndex = 0; path = PNHuaIMTests.xctest; sourceTree = BUILT_PRODUCTS_DIR; };
		D00D2CBD225C77AD00069737 /* PNHuaIMTests.swift */ = {isa = PBXFileReference; lastKnownFileType = sourcecode.swift; path = PNHuaIMTests.swift; sourceTree = "<group>"; };
		D00D2CBF225C77AD00069737 /* Info.plist */ = {isa = PBXFileReference; lastKnownFileType = text.plist.xml; path = Info.plist; sourceTree = "<group>"; };
		D00D2CC4225C77AD00069737 /* PNHuaIMUITests.xctest */ = {isa = PBXFileReference; explicitFileType = wrapper.cfbundle; includeInIndex = 0; path = PNHuaIMUITests.xctest; sourceTree = BUILT_PRODUCTS_DIR; };
		D00D2CC8225C77AD00069737 /* PNHuaIMUITests.swift */ = {isa = PBXFileReference; lastKnownFileType = sourcecode.swift; path = PNHuaIMUITests.swift; sourceTree = "<group>"; };
		D00D2CCA225C77AD00069737 /* Info.plist */ = {isa = PBXFileReference; lastKnownFileType = text.plist.xml; path = Info.plist; sourceTree = "<group>"; };
		D00D2CDA225C8CDC00069737 /* PNMainViewController.swift */ = {isa = PBXFileReference; lastKnownFileType = sourcecode.swift; path = PNMainViewController.swift; sourceTree = "<group>"; };
		D00D2CE2225C90C400069737 /* PNHomeViewController.swift */ = {isa = PBXFileReference; lastKnownFileType = sourcecode.swift; path = PNHomeViewController.swift; sourceTree = "<group>"; };
		D00D2CE4225C912D00069737 /* PNProfileViewController.swift */ = {isa = PBXFileReference; lastKnownFileType = sourcecode.swift; path = PNProfileViewController.swift; sourceTree = "<group>"; };
		D02B294122603FCE0071985E /* UIButton_Category.swift */ = {isa = PBXFileReference; lastKnownFileType = sourcecode.swift; path = UIButton_Category.swift; sourceTree = "<group>"; };
		D0348ECF225DD0F30083402D /* MainVCSettings.json */ = {isa = PBXFileReference; fileEncoding = 4; lastKnownFileType = text.json; path = MainVCSettings.json; sourceTree = "<group>"; };
		D0B28465225F356E00AEC321 /* PNNullViewController.swift */ = {isa = PBXFileReference; lastKnownFileType = sourcecode.swift; path = PNNullViewController.swift; sourceTree = "<group>"; };
		DAD6D9E143EF2F1DF9B02BDA /* Pods_PNHuaIM.framework */ = {isa = PBXFileReference; explicitFileType = wrapper.framework; includeInIndex = 0; path = Pods_PNHuaIM.framework; sourceTree = BUILT_PRODUCTS_DIR; };
		E7BE41D32FCD32FFE39AB832 /* Pods-PNHuaIM.debug.xcconfig */ = {isa = PBXFileReference; includeInIndex = 1; lastKnownFileType = text.xcconfig; name = "Pods-PNHuaIM.debug.xcconfig"; path = "Pods/Target Support Files/Pods-PNHuaIM/Pods-PNHuaIM.debug.xcconfig"; sourceTree = "<group>"; };
/* End PBXFileReference section */

/* Begin PBXFrameworksBuildPhase section */
		D00D2CA2225C77AB00069737 /* Frameworks */ = {
			isa = PBXFrameworksBuildPhase;
			buildActionMask = 2147483647;
			files = (
				04E9BCFCB648AE8F8C503B28 /* Pods_PNHuaIM.framework in Frameworks */,
			);
			runOnlyForDeploymentPostprocessing = 0;
		};
		D00D2CB6225C77AD00069737 /* Frameworks */ = {
			isa = PBXFrameworksBuildPhase;
			buildActionMask = 2147483647;
			files = (
			);
			runOnlyForDeploymentPostprocessing = 0;
		};
		D00D2CC1225C77AD00069737 /* Frameworks */ = {
			isa = PBXFrameworksBuildPhase;
			buildActionMask = 2147483647;
			files = (
			);
			runOnlyForDeploymentPostprocessing = 0;
		};
/* End PBXFrameworksBuildPhase section */

/* Begin PBXGroup section */
		23F0C40B33545E202E0B1FF2 /* Frameworks */ = {
			isa = PBXGroup;
			children = (
				DAD6D9E143EF2F1DF9B02BDA /* Pods_PNHuaIM.framework */,
			);
			name = Frameworks;
			sourceTree = "<group>";
		};
		B5CCDAF2291081E6CC365CCB /* Pods */ = {
			isa = PBXGroup;
			children = (
				E7BE41D32FCD32FFE39AB832 /* Pods-PNHuaIM.debug.xcconfig */,
				2F233C130EC6B69FBB18903B /* Pods-PNHuaIM.release.xcconfig */,
			);
			name = Pods;
			sourceTree = "<group>";
		};
		D00D2C9C225C77AB00069737 = {
			isa = PBXGroup;
			children = (
				D00D2CA7225C77AB00069737 /* PNHuaIM */,
				D00D2CBC225C77AD00069737 /* PNHuaIMTests */,
				D00D2CC7225C77AD00069737 /* PNHuaIMUITests */,
				D00D2CA6225C77AB00069737 /* Products */,
				B5CCDAF2291081E6CC365CCB /* Pods */,
				23F0C40B33545E202E0B1FF2 /* Frameworks */,
			);
			sourceTree = "<group>";
		};
		D00D2CA6225C77AB00069737 /* Products */ = {
			isa = PBXGroup;
			children = (
				D00D2CA5225C77AB00069737 /* PNHuaIM.app */,
				D00D2CB9225C77AD00069737 /* PNHuaIMTests.xctest */,
				D00D2CC4225C77AD00069737 /* PNHuaIMUITests.xctest */,
			);
			name = Products;
			sourceTree = "<group>";
		};
		D00D2CA7225C77AB00069737 /* PNHuaIM */ = {
			isa = PBXGroup;
			children = (
				D00D2CD6225C8A1500069737 /* Classes */,
				D00D2CA8225C77AB00069737 /* AppDelegate.swift */,
				D00D2CAC225C77AB00069737 /* Main.storyboard */,
				D00D2CAF225C77AD00069737 /* Assets.xcassets */,
				D00D2CB1225C77AD00069737 /* LaunchScreen.storyboard */,
				D00D2CB4225C77AD00069737 /* Info.plist */,
			);
			path = PNHuaIM;
			sourceTree = "<group>";
		};
		D00D2CBC225C77AD00069737 /* PNHuaIMTests */ = {
			isa = PBXGroup;
			children = (
				D00D2CBD225C77AD00069737 /* PNHuaIMTests.swift */,
				D00D2CBF225C77AD00069737 /* Info.plist */,
			);
			path = PNHuaIMTests;
			sourceTree = "<group>";
		};
		D00D2CC7225C77AD00069737 /* PNHuaIMUITests */ = {
			isa = PBXGroup;
			children = (
				D00D2CC8225C77AD00069737 /* PNHuaIMUITests.swift */,
				D00D2CCA225C77AD00069737 /* Info.plist */,
			);
			path = PNHuaIMUITests;
			sourceTree = "<group>";
		};
		D00D2CD6225C8A1500069737 /* Classes */ = {
			isa = PBXGroup;
			children = (
				D00D2CD8225C8A1500069737 /* Main */,
				D00D2CD7225C8A1500069737 /* Home */,
				D00D2CD9225C8A1500069737 /* Profile */,
				D02B293F22603F3C0071985E /* Tools */,
			);
			path = Classes;
			sourceTree = "<group>";
		};
		D00D2CD7225C8A1500069737 /* Home */ = {
			isa = PBXGroup;
			children = (
				D00D2CDE225C909B00069737 /* Controller */,
				D00D2CDD225C909B00069737 /* Model */,
				D00D2CDC225C909B00069737 /* View */,
			);
			path = Home;
			sourceTree = "<group>";
		};
		D00D2CD8225C8A1500069737 /* Main */ = {
			isa = PBXGroup;
			children = (
				D0348ECE225DD0F30083402D /* Resource */,
				D00D2CDA225C8CDC00069737 /* PNMainViewController.swift */,
			);
			path = Main;
			sourceTree = "<group>";
		};
		D00D2CD9225C8A1500069737 /* Profile */ = {
			isa = PBXGroup;
			children = (
				D00D2CDF225C90A600069737 /* Controller */,
				D00D2CE0225C90A600069737 /* Model */,
				D00D2CE1225C90A600069737 /* View */,
			);
			path = Profile;
			sourceTree = "<group>";
		};
		D00D2CDC225C909B00069737 /* View */ = {
			isa = PBXGroup;
			children = (
			);
			path = View;
			sourceTree = "<group>";
		};
		D00D2CDD225C909B00069737 /* Model */ = {
			isa = PBXGroup;
			children = (
			);
			path = Model;
			sourceTree = "<group>";
		};
		D00D2CDE225C909B00069737 /* Controller */ = {
			isa = PBXGroup;
			children = (
				D00D2CE2225C90C400069737 /* PNHomeViewController.swift */,
			);
			path = Controller;
			sourceTree = "<group>";
		};
		D00D2CDF225C90A600069737 /* Controller */ = {
			isa = PBXGroup;
			children = (
				D00D2CE4225C912D00069737 /* PNProfileViewController.swift */,
			);
			path = Controller;
			sourceTree = "<group>";
		};
		D00D2CE0225C90A600069737 /* Model */ = {
			isa = PBXGroup;
			children = (
			);
			path = Model;
			sourceTree = "<group>";
		};
		D00D2CE1225C90A600069737 /* View */ = {
			isa = PBXGroup;
			children = (
			);
			path = View;
			sourceTree = "<group>";
		};
		D02B293F22603F3C0071985E /* Tools */ = {
			isa = PBXGroup;
			children = (
				D02B294022603F3C0071985E /* Category */,
			);
			path = Tools;
			sourceTree = "<group>";
		};
		D02B294022603F3C0071985E /* Category */ = {
			isa = PBXGroup;
			children = (
				D02B294122603FCE0071985E /* UIButton_Category.swift */,
			);
			path = Category;
			sourceTree = "<group>";
		};
		D0348ECE225DD0F30083402D /* Resource */ = {
			isa = PBXGroup;
			children = (
				D0348ECF225DD0F30083402D /* MainVCSettings.json */,
				D0B28465225F356E00AEC321 /* PNNullViewController.swift */,
			);
			path = Resource;
			sourceTree = "<group>";
		};
/* End PBXGroup section */

/* Begin PBXNativeTarget section */
		D00D2CA4225C77AB00069737 /* PNHuaIM */ = {
			isa = PBXNativeTarget;
			buildConfigurationList = D00D2CCD225C77AD00069737 /* Build configuration list for PBXNativeTarget "PNHuaIM" */;
			buildPhases = (
				EEFF1A1513CF1F5C1F1F6868 /* [CP] Check Pods Manifest.lock */,
				D00D2CA1225C77AB00069737 /* Sources */,
				D00D2CA2225C77AB00069737 /* Frameworks */,
				D00D2CA3225C77AB00069737 /* Resources */,
				A285574080DE3A05856A8715 /* [CP] Copy Pods Resources */,
			);
			buildRules = (
			);
			dependencies = (
			);
			name = PNHuaIM;
			productName = PNHuaIM;
			productReference = D00D2CA5225C77AB00069737 /* PNHuaIM.app */;
			productType = "com.apple.product-type.application";
		};
		D00D2CB8225C77AD00069737 /* PNHuaIMTests */ = {
			isa = PBXNativeTarget;
			buildConfigurationList = D00D2CD0225C77AD00069737 /* Build configuration list for PBXNativeTarget "PNHuaIMTests" */;
			buildPhases = (
				D00D2CB5225C77AD00069737 /* Sources */,
				D00D2CB6225C77AD00069737 /* Frameworks */,
				D00D2CB7225C77AD00069737 /* Resources */,
			);
			buildRules = (
			);
			dependencies = (
				D00D2CBB225C77AD00069737 /* PBXTargetDependency */,
			);
			name = PNHuaIMTests;
			productName = PNHuaIMTests;
			productReference = D00D2CB9225C77AD00069737 /* PNHuaIMTests.xctest */;
			productType = "com.apple.product-type.bundle.unit-test";
		};
		D00D2CC3225C77AD00069737 /* PNHuaIMUITests */ = {
			isa = PBXNativeTarget;
			buildConfigurationList = D00D2CD3225C77AD00069737 /* Build configuration list for PBXNativeTarget "PNHuaIMUITests" */;
			buildPhases = (
				D00D2CC0225C77AD00069737 /* Sources */,
				D00D2CC1225C77AD00069737 /* Frameworks */,
				D00D2CC2225C77AD00069737 /* Resources */,
			);
			buildRules = (
			);
			dependencies = (
				D00D2CC6225C77AD00069737 /* PBXTargetDependency */,
			);
			name = PNHuaIMUITests;
			productName = PNHuaIMUITests;
			productReference = D00D2CC4225C77AD00069737 /* PNHuaIMUITests.xctest */;
			productType = "com.apple.product-type.bundle.ui-testing";
		};
/* End PBXNativeTarget section */

/* Begin PBXProject section */
		D00D2C9D225C77AB00069737 /* Project object */ = {
			isa = PBXProject;
			attributes = {
				CLASSPREFIX = PN;
				LastSwiftUpdateCheck = 1010;
				LastUpgradeCheck = 1010;
				ORGANIZATIONNAME = "刘攀妞";
				TargetAttributes = {
					D00D2CA4225C77AB00069737 = {
						CreatedOnToolsVersion = 10.1;
					};
					D00D2CB8225C77AD00069737 = {
						CreatedOnToolsVersion = 10.1;
						TestTargetID = D00D2CA4225C77AB00069737;
					};
					D00D2CC3225C77AD00069737 = {
						CreatedOnToolsVersion = 10.1;
						TestTargetID = D00D2CA4225C77AB00069737;
					};
				};
			};
			buildConfigurationList = D00D2CA0225C77AB00069737 /* Build configuration list for PBXProject "PNHuaIM" */;
			compatibilityVersion = "Xcode 9.3";
			developmentRegion = en;
			hasScannedForEncodings = 0;
			knownRegions = (
				en,
				Base,
			);
			mainGroup = D00D2C9C225C77AB00069737;
			productRefGroup = D00D2CA6225C77AB00069737 /* Products */;
			projectDirPath = "";
			projectRoot = "";
			targets = (
				D00D2CA4225C77AB00069737 /* PNHuaIM */,
				D00D2CB8225C77AD00069737 /* PNHuaIMTests */,
				D00D2CC3225C77AD00069737 /* PNHuaIMUITests */,
			);
		};
/* End PBXProject section */

/* Begin PBXResourcesBuildPhase section */
		D00D2CA3225C77AB00069737 /* Resources */ = {
			isa = PBXResourcesBuildPhase;
			buildActionMask = 2147483647;
			files = (
				D00D2CB3225C77AD00069737 /* LaunchScreen.storyboard in Resources */,
				D00D2CB0225C77AD00069737 /* Assets.xcassets in Resources */,
				D0348ED0225DD0F30083402D /* MainVCSettings.json in Resources */,
				D00D2CAE225C77AB00069737 /* Main.storyboard in Resources */,
			);
			runOnlyForDeploymentPostprocessing = 0;
		};
		D00D2CB7225C77AD00069737 /* Resources */ = {
			isa = PBXResourcesBuildPhase;
			buildActionMask = 2147483647;
			files = (
			);
			runOnlyForDeploymentPostprocessing = 0;
		};
		D00D2CC2225C77AD00069737 /* Resources */ = {
			isa = PBXResourcesBuildPhase;
			buildActionMask = 2147483647;
			files = (
			);
			runOnlyForDeploymentPostprocessing = 0;
		};
/* End PBXResourcesBuildPhase section */

/* Begin PBXShellScriptBuildPhase section */
		A285574080DE3A05856A8715 /* [CP] Copy Pods Resources */ = {
			isa = PBXShellScriptBuildPhase;
			buildActionMask = 2147483647;
			files = (
			);
			inputPaths = (
				"${SRCROOT}/Pods/Target Support Files/Pods-PNHuaIM/Pods-PNHuaIM-resources.sh",
				"${PODS_ROOT}/RongCloudIM/RongCloudIM/RongCloud.bundle",
				"${PODS_ROOT}/RongCloudIM/RongCloudIM/en.lproj",
				"${PODS_ROOT}/RongCloudIM/RongCloudIM/zh-Hans.lproj",
				"${PODS_ROOT}/RongCloudIM/RongCloudIM/Emoji.plist",
				"${PODS_ROOT}/RongCloudIM/RongCloudIM/RCColor.plist",
				"${PODS_ROOT}/RongCloudIM/RongCloudIM/RCConfig.plist",
			);
			name = "[CP] Copy Pods Resources";
			outputPaths = (
				"${TARGET_BUILD_DIR}/${UNLOCALIZED_RESOURCES_FOLDER_PATH}/RongCloud.bundle",
				"${TARGET_BUILD_DIR}/${UNLOCALIZED_RESOURCES_FOLDER_PATH}/en.lproj",
				"${TARGET_BUILD_DIR}/${UNLOCALIZED_RESOURCES_FOLDER_PATH}/zh-Hans.lproj",
				"${TARGET_BUILD_DIR}/${UNLOCALIZED_RESOURCES_FOLDER_PATH}/Emoji.plist",
				"${TARGET_BUILD_DIR}/${UNLOCALIZED_RESOURCES_FOLDER_PATH}/RCColor.plist",
				"${TARGET_BUILD_DIR}/${UNLOCALIZED_RESOURCES_FOLDER_PATH}/RCConfig.plist",
			);
			runOnlyForDeploymentPostprocessing = 0;
			shellPath = /bin/sh;
			shellScript = "\"${SRCROOT}/Pods/Target Support Files/Pods-PNHuaIM/Pods-PNHuaIM-resources.sh\"\n";
			showEnvVarsInLog = 0;
		};
		EEFF1A1513CF1F5C1F1F6868 /* [CP] Check Pods Manifest.lock */ = {
			isa = PBXShellScriptBuildPhase;
			buildActionMask = 2147483647;
			files = (
			);
			inputPaths = (
				"${PODS_PODFILE_DIR_PATH}/Podfile.lock",
				"${PODS_ROOT}/Manifest.lock",
			);
			name = "[CP] Check Pods Manifest.lock";
			outputPaths = (
				"$(DERIVED_FILE_DIR)/Pods-PNHuaIM-checkManifestLockResult.txt",
			);
			runOnlyForDeploymentPostprocessing = 0;
			shellPath = /bin/sh;
			shellScript = "diff \"${PODS_PODFILE_DIR_PATH}/Podfile.lock\" \"${PODS_ROOT}/Manifest.lock\" > /dev/null\nif [ $? != 0 ] ; then\n    # print error to STDERR\n    echo \"error: The sandbox is not in sync with the Podfile.lock. Run 'pod install' or update your CocoaPods installation.\" >&2\n    exit 1\nfi\n# This output is used by Xcode 'outputs' to avoid re-running this script phase.\necho \"SUCCESS\" > \"${SCRIPT_OUTPUT_FILE_0}\"\n";
			showEnvVarsInLog = 0;
		};
/* End PBXShellScriptBuildPhase section */

/* Begin PBXSourcesBuildPhase section */
		D00D2CA1225C77AB00069737 /* Sources */ = {
			isa = PBXSourcesBuildPhase;
			buildActionMask = 2147483647;
			files = (
				D00D2CE3225C90C400069737 /* PNHomeViewController.swift in Sources */,
				D00D2CA9225C77AB00069737 /* AppDelegate.swift in Sources */,
				D00D2CE5225C912D00069737 /* PNProfileViewController.swift in Sources */,
				D02B294222603FCE0071985E /* UIButton_Category.swift in Sources */,
				D0B28466225F356E00AEC321 /* PNNullViewController.swift in Sources */,
				D00D2CDB225C8CDC00069737 /* PNMainViewController.swift in Sources */,
			);
			runOnlyForDeploymentPostprocessing = 0;
		};
		D00D2CB5225C77AD00069737 /* Sources */ = {
			isa = PBXSourcesBuildPhase;
			buildActionMask = 2147483647;
			files = (
				D00D2CBE225C77AD00069737 /* PNHuaIMTests.swift in Sources */,
			);
			runOnlyForDeploymentPostprocessing = 0;
		};
		D00D2CC0225C77AD00069737 /* Sources */ = {
			isa = PBXSourcesBuildPhase;
			buildActionMask = 2147483647;
			files = (
				D00D2CC9225C77AD00069737 /* PNHuaIMUITests.swift in Sources */,
			);
			runOnlyForDeploymentPostprocessing = 0;
		};
/* End PBXSourcesBuildPhase section */

/* Begin PBXTargetDependency section */
		D00D2CBB225C77AD00069737 /* PBXTargetDependency */ = {
			isa = PBXTargetDependency;
			target = D00D2CA4225C77AB00069737 /* PNHuaIM */;
			targetProxy = D00D2CBA225C77AD00069737 /* PBXContainerItemProxy */;
		};
		D00D2CC6225C77AD00069737 /* PBXTargetDependency */ = {
			isa = PBXTargetDependency;
			target = D00D2CA4225C77AB00069737 /* PNHuaIM */;
			targetProxy = D00D2CC5225C77AD00069737 /* PBXContainerItemProxy */;
		};
/* End PBXTargetDependency section */

/* Begin PBXVariantGroup section */
		D00D2CAC225C77AB00069737 /* Main.storyboard */ = {
			isa = PBXVariantGroup;
			children = (
				D00D2CAD225C77AB00069737 /* Base */,
			);
			name = Main.storyboard;
			sourceTree = "<group>";
		};
		D00D2CB1225C77AD00069737 /* LaunchScreen.storyboard */ = {
			isa = PBXVariantGroup;
			children = (
				D00D2CB2225C77AD00069737 /* Base */,
			);
			name = LaunchScreen.storyboard;
			sourceTree = "<group>";
		};
/* End PBXVariantGroup section */

/* Begin XCBuildConfiguration section */
		D00D2CCB225C77AD00069737 /* Debug */ = {
			isa = XCBuildConfiguration;
			buildSettings = {
				ALWAYS_SEARCH_USER_PATHS = NO;
				CLANG_ANALYZER_NONNULL = YES;
				CLANG_ANALYZER_NUMBER_OBJECT_CONVERSION = YES_AGGRESSIVE;
				CLANG_CXX_LANGUAGE_STANDARD = "gnu++14";
				CLANG_CXX_LIBRARY = "libc++";
				CLANG_ENABLE_MODULES = YES;
				CLANG_ENABLE_OBJC_ARC = YES;
				CLANG_ENABLE_OBJC_WEAK = YES;
				CLANG_WARN_BLOCK_CAPTURE_AUTORELEASING = YES;
				CLANG_WARN_BOOL_CONVERSION = YES;
				CLANG_WARN_COMMA = YES;
				CLANG_WARN_CONSTANT_CONVERSION = YES;
				CLANG_WARN_DEPRECATED_OBJC_IMPLEMENTATIONS = YES;
				CLANG_WARN_DIRECT_OBJC_ISA_USAGE = YES_ERROR;
				CLANG_WARN_DOCUMENTATION_COMMENTS = YES;
				CLANG_WARN_EMPTY_BODY = YES;
				CLANG_WARN_ENUM_CONVERSION = YES;
				CLANG_WARN_INFINITE_RECURSION = YES;
				CLANG_WARN_INT_CONVERSION = YES;
				CLANG_WARN_NON_LITERAL_NULL_CONVERSION = YES;
				CLANG_WARN_OBJC_IMPLICIT_RETAIN_SELF = YES;
				CLANG_WARN_OBJC_LITERAL_CONVERSION = YES;
				CLANG_WARN_OBJC_ROOT_CLASS = YES_ERROR;
				CLANG_WARN_RANGE_LOOP_ANALYSIS = YES;
				CLANG_WARN_STRICT_PROTOTYPES = YES;
				CLANG_WARN_SUSPICIOUS_MOVE = YES;
				CLANG_WARN_UNGUARDED_AVAILABILITY = YES_AGGRESSIVE;
				CLANG_WARN_UNREACHABLE_CODE = YES;
				CLANG_WARN__DUPLICATE_METHOD_MATCH = YES;
				CODE_SIGN_IDENTITY = "iPhone Developer";
				COPY_PHASE_STRIP = NO;
				DEBUG_INFORMATION_FORMAT = dwarf;
				ENABLE_STRICT_OBJC_MSGSEND = YES;
				ENABLE_TESTABILITY = YES;
				GCC_C_LANGUAGE_STANDARD = gnu11;
				GCC_DYNAMIC_NO_PIC = NO;
				GCC_NO_COMMON_BLOCKS = YES;
				GCC_OPTIMIZATION_LEVEL = 0;
				GCC_PREPROCESSOR_DEFINITIONS = (
					"DEBUG=1",
					"$(inherited)",
				);
				GCC_WARN_64_TO_32_BIT_CONVERSION = YES;
				GCC_WARN_ABOUT_RETURN_TYPE = YES_ERROR;
				GCC_WARN_UNDECLARED_SELECTOR = YES;
				GCC_WARN_UNINITIALIZED_AUTOS = YES_AGGRESSIVE;
				GCC_WARN_UNUSED_FUNCTION = YES;
				GCC_WARN_UNUSED_VARIABLE = YES;
				IPHONEOS_DEPLOYMENT_TARGET = 12.1;
				MTL_ENABLE_DEBUG_INFO = INCLUDE_SOURCE;
				MTL_FAST_MATH = YES;
				ONLY_ACTIVE_ARCH = YES;
				SDKROOT = iphoneos;
				SWIFT_ACTIVE_COMPILATION_CONDITIONS = DEBUG;
				SWIFT_OPTIMIZATION_LEVEL = "-Onone";
			};
			name = Debug;
		};
		D00D2CCC225C77AD00069737 /* Release */ = {
			isa = XCBuildConfiguration;
			buildSettings = {
				ALWAYS_SEARCH_USER_PATHS = NO;
				CLANG_ANALYZER_NONNULL = YES;
				CLANG_ANALYZER_NUMBER_OBJECT_CONVERSION = YES_AGGRESSIVE;
				CLANG_CXX_LANGUAGE_STANDARD = "gnu++14";
				CLANG_CXX_LIBRARY = "libc++";
				CLANG_ENABLE_MODULES = YES;
				CLANG_ENABLE_OBJC_ARC = YES;
				CLANG_ENABLE_OBJC_WEAK = YES;
				CLANG_WARN_BLOCK_CAPTURE_AUTORELEASING = YES;
				CLANG_WARN_BOOL_CONVERSION = YES;
				CLANG_WARN_COMMA = YES;
				CLANG_WARN_CONSTANT_CONVERSION = YES;
				CLANG_WARN_DEPRECATED_OBJC_IMPLEMENTATIONS = YES;
				CLANG_WARN_DIRECT_OBJC_ISA_USAGE = YES_ERROR;
				CLANG_WARN_DOCUMENTATION_COMMENTS = YES;
				CLANG_WARN_EMPTY_BODY = YES;
				CLANG_WARN_ENUM_CONVERSION = YES;
				CLANG_WARN_INFINITE_RECURSION = YES;
				CLANG_WARN_INT_CONVERSION = YES;
				CLANG_WARN_NON_LITERAL_NULL_CONVERSION = YES;
				CLANG_WARN_OBJC_IMPLICIT_RETAIN_SELF = YES;
				CLANG_WARN_OBJC_LITERAL_CONVERSION = YES;
				CLANG_WARN_OBJC_ROOT_CLASS = YES_ERROR;
				CLANG_WARN_RANGE_LOOP_ANALYSIS = YES;
				CLANG_WARN_STRICT_PROTOTYPES = YES;
				CLANG_WARN_SUSPICIOUS_MOVE = YES;
				CLANG_WARN_UNGUARDED_AVAILABILITY = YES_AGGRESSIVE;
				CLANG_WARN_UNREACHABLE_CODE = YES;
				CLANG_WARN__DUPLICATE_METHOD_MATCH = YES;
				CODE_SIGN_IDENTITY = "iPhone Developer";
				COPY_PHASE_STRIP = NO;
				DEBUG_INFORMATION_FORMAT = "dwarf-with-dsym";
				ENABLE_NS_ASSERTIONS = NO;
				ENABLE_STRICT_OBJC_MSGSEND = YES;
				GCC_C_LANGUAGE_STANDARD = gnu11;
				GCC_NO_COMMON_BLOCKS = YES;
				GCC_WARN_64_TO_32_BIT_CONVERSION = YES;
				GCC_WARN_ABOUT_RETURN_TYPE = YES_ERROR;
				GCC_WARN_UNDECLARED_SELECTOR = YES;
				GCC_WARN_UNINITIALIZED_AUTOS = YES_AGGRESSIVE;
				GCC_WARN_UNUSED_FUNCTION = YES;
				GCC_WARN_UNUSED_VARIABLE = YES;
				IPHONEOS_DEPLOYMENT_TARGET = 12.1;
				MTL_ENABLE_DEBUG_INFO = NO;
				MTL_FAST_MATH = YES;
				SDKROOT = iphoneos;
				SWIFT_COMPILATION_MODE = wholemodule;
				SWIFT_OPTIMIZATION_LEVEL = "-O";
				VALIDATE_PRODUCT = YES;
			};
			name = Release;
		};
		D00D2CCE225C77AD00069737 /* Debug */ = {
			isa = XCBuildConfiguration;
			baseConfigurationReference = E7BE41D32FCD32FFE39AB832 /* Pods-PNHuaIM.debug.xcconfig */;
			buildSettings = {
				ASSETCATALOG_COMPILER_APPICON_NAME = AppIcon;
				ASSETCATALOG_COMPILER_LAUNCHIMAGE_NAME = LaunchImage;
				CODE_SIGN_STYLE = Automatic;
				DEVELOPMENT_TEAM = 33J2QVQ7CK;
				INFOPLIST_FILE = PNHuaIM/Info.plist;
				IPHONEOS_DEPLOYMENT_TARGET = 12.0;
				LD_RUNPATH_SEARCH_PATHS = (
					"$(inherited)",
					"@executable_path/Frameworks",
				);
				PRODUCT_BUNDLE_IDENTIFIER = PNHualM.cn;
				PRODUCT_NAME = "$(TARGET_NAME)";
				SWIFT_VERSION = 4.2;
				TARGETED_DEVICE_FAMILY = "1,2";
			};
			name = Debug;
		};
		D00D2CCF225C77AD00069737 /* Release */ = {
			isa = XCBuildConfiguration;
			baseConfigurationReference = 2F233C130EC6B69FBB18903B /* Pods-PNHuaIM.release.xcconfig */;
			buildSettings = {
				ASSETCATALOG_COMPILER_APPICON_NAME = AppIcon;
				ASSETCATALOG_COMPILER_LAUNCHIMAGE_NAME = LaunchImage;
				CODE_SIGN_STYLE = Automatic;
				DEVELOPMENT_TEAM = 33J2QVQ7CK;
				INFOPLIST_FILE = PNHuaIM/Info.plist;
				IPHONEOS_DEPLOYMENT_TARGET = 12.0;
				LD_RUNPATH_SEARCH_PATHS = (
					"$(inherited)",
					"@executable_path/Frameworks",
				);
				PRODUCT_BUNDLE_IDENTIFIER = PNHualM.cn;
				PRODUCT_NAME = "$(TARGET_NAME)";
				SWIFT_VERSION = 4.2;
				TARGETED_DEVICE_FAMILY = "1,2";
			};
			name = Release;
		};
		D00D2CD1225C77AD00069737 /* Debug */ = {
			isa = XCBuildConfiguration;
			buildSettings = {
				ALWAYS_EMBED_SWIFT_STANDARD_LIBRARIES = YES;
				BUNDLE_LOADER = "$(TEST_HOST)";
				CODE_SIGN_STYLE = Automatic;
				DEVELOPMENT_TEAM = 33J2QVQ7CK;
				INFOPLIST_FILE = PNHuaIMTests/Info.plist;
				LD_RUNPATH_SEARCH_PATHS = (
					"$(inherited)",
					"@executable_path/Frameworks",
					"@loader_path/Frameworks",
				);
				PRODUCT_BUNDLE_IDENTIFIER = com.zmgj.www.PNHuaIMTests;
				PRODUCT_NAME = "$(TARGET_NAME)";
				SWIFT_VERSION = 4.2;
				TARGETED_DEVICE_FAMILY = "1,2";
				TEST_HOST = "$(BUILT_PRODUCTS_DIR)/PNHuaIM.app/PNHuaIM";
			};
			name = Debug;
		};
		D00D2CD2225C77AD00069737 /* Release */ = {
			isa = XCBuildConfiguration;
			buildSettings = {
				ALWAYS_EMBED_SWIFT_STANDARD_LIBRARIES = YES;
				BUNDLE_LOADER = "$(TEST_HOST)";
				CODE_SIGN_STYLE = Automatic;
				DEVELOPMENT_TEAM = 33J2QVQ7CK;
				INFOPLIST_FILE = PNHuaIMTests/Info.plist;
				LD_RUNPATH_SEARCH_PATHS = (
					"$(inherited)",
					"@executable_path/Frameworks",
					"@loader_path/Frameworks",
				);
				PRODUCT_BUNDLE_IDENTIFIER = com.zmgj.www.PNHuaIMTests;
				PRODUCT_NAME = "$(TARGET_NAME)";
				SWIFT_VERSION = 4.2;
				TARGETED_DEVICE_FAMILY = "1,2";
				TEST_HOST = "$(BUILT_PRODUCTS_DIR)/PNHuaIM.app/PNHuaIM";
			};
			name = Release;
		};
		D00D2CD4225C77AD00069737 /* Debug */ = {
			isa = XCBuildConfiguration;
			buildSettings = {
				ALWAYS_EMBED_SWIFT_STANDARD_LIBRARIES = YES;
				CODE_SIGN_STYLE = Automatic;
				DEVELOPMENT_TEAM = 33J2QVQ7CK;
				INFOPLIST_FILE = PNHuaIMUITests/Info.plist;
				LD_RUNPATH_SEARCH_PATHS = (
					"$(inherited)",
					"@executable_path/Frameworks",
					"@loader_path/Frameworks",
				);
				PRODUCT_BUNDLE_IDENTIFIER = com.zmgj.www.PNHuaIMUITests;
				PRODUCT_NAME = "$(TARGET_NAME)";
				SWIFT_VERSION = 4.2;
				TARGETED_DEVICE_FAMILY = "1,2";
				TEST_TARGET_NAME = PNHuaIM;
			};
			name = Debug;
		};
		D00D2CD5225C77AD00069737 /* Release */ = {
			isa = XCBuildConfiguration;
			buildSettings = {
				ALWAYS_EMBED_SWIFT_STANDARD_LIBRARIES = YES;
				CODE_SIGN_STYLE = Automatic;
				DEVELOPMENT_TEAM = 33J2QVQ7CK;
				INFOPLIST_FILE = PNHuaIMUITests/Info.plist;
				LD_RUNPATH_SEARCH_PATHS = (
					"$(inherited)",
					"@executable_path/Frameworks",
					"@loader_path/Frameworks",
				);
				PRODUCT_BUNDLE_IDENTIFIER = com.zmgj.www.PNHuaIMUITests;
				PRODUCT_NAME = "$(TARGET_NAME)";
				SWIFT_VERSION = 4.2;
				TARGETED_DEVICE_FAMILY = "1,2";
				TEST_TARGET_NAME = PNHuaIM;
			};
			name = Release;
		};
/* End XCBuildConfiguration section */

/* Begin XCConfigurationList section */
		D00D2CA0225C77AB00069737 /* Build configuration list for PBXProject "PNHuaIM" */ = {
			isa = XCConfigurationList;
			buildConfigurations = (
				D00D2CCB225C77AD00069737 /* Debug */,
				D00D2CCC225C77AD00069737 /* Release */,
			);
			defaultConfigurationIsVisible = 0;
			defaultConfigurationName = Release;
		};
		D00D2CCD225C77AD00069737 /* Build configuration list for PBXNativeTarget "PNHuaIM" */ = {
			isa = XCConfigurationList;
			buildConfigurations = (
				D00D2CCE225C77AD00069737 /* Debug */,
				D00D2CCF225C77AD00069737 /* Release */,
			);
			defaultConfigurationIsVisible = 0;
			defaultConfigurationName = Release;
		};
		D00D2CD0225C77AD00069737 /* Build configuration list for PBXNativeTarget "PNHuaIMTests" */ = {
			isa = XCConfigurationList;
			buildConfigurations = (
				D00D2CD1225C77AD00069737 /* Debug */,
				D00D2CD2225C77AD00069737 /* Release */,
			);
			defaultConfigurationIsVisible = 0;
			defaultConfigurationName = Release;
		};
		D00D2CD3225C77AD00069737 /* Build configuration list for PBXNativeTarget "PNHuaIMUITests" */ = {
			isa = XCConfigurationList;
			buildConfigurations = (
				D00D2CD4225C77AD00069737 /* Debug */,
				D00D2CD5225C77AD00069737 /* Release */,
			);
			defaultConfigurationIsVisible = 0;
			defaultConfigurationName = Release;
		};
/* End XCConfigurationList section */
	};
	rootObject = D00D2C9D225C77AB00069737 /* Project object */;
}
